<?xml version="1.0" encoding="utf-8"?>
<Project ToolsVersion="4.0" xmlns="http://schemas.microsoft.com/developer/msbuild/2003">
  <ItemGroup>
    <Filter Include="Framework">
      <UniqueIdentifier>{cbbc2dd1-e581-4fcb-bbfa-029dfa7e2a7f}</UniqueIdentifier>
    </Filter>
    <Filter Include="Files">
      <UniqueIdentifier>{1dd3a65c-69ec-4b56-b134-367650a87482}</UniqueIdentifier>
    </Filter>
    <Filter Include="Files\Source Files">
      <UniqueIdentifier>{4FC737F1-C7A5-4376-A066-2A32D752A2FF}</UniqueIdentifier>
      <Extensions>cpp;c;cc;cxx;c++;cppm;ixx;def;odl;idl;hpj;bat;asm;asmx</Extensions>
    </Filter>
    <Filter Include="Files\Resource Files">
      <UniqueIdentifier>{67DA6AB6-F800-4c08-8B7A-83BB121AAD01}</UniqueIdentifier>
      <Extensions>rc;ico;cur;bmp;dlg;rc2;rct;bin;rgs;gif;jpg;jpeg;jpe;resx;tiff;tif;png;wav;mfcribbon-ms</Extensions>
    </Filter>
    <Filter Include="Files\Header Files">
      <UniqueIdentifier>{93995380-89BD-4b04-88EB-625FBE52EBFB}</UniqueIdentifier>
      <Extensions>h;hh;hpp;hxx;h++;hm;inl;inc;ipp;xsd</Extensions>
    </Filter>
    <Filter Include="Framework\Ultis">
      <UniqueIdentifier>{5c4e554e-5d4a-49b9-ae1c-89fff7d3cf46}</UniqueIdentifier>
    </Filter>
    <Filter Include="Game">
      <UniqueIdentifier>{626868f1-e58e-4bfc-8e46-69c6c2097b04}</UniqueIdentifier>
    </Filter>
    <Filter Include="Game\Scene">
      <UniqueIdentifier>{841e5247-be26-4331-8ae1-794c4f53a16e}</UniqueIdentifier>
    </Filter>
    <Filter Include="Game\GameObject">
      <UniqueIdentifier>{82d3a656-fb2a-45a8-bcc8-721c25aee955}</UniqueIdentifier>
    </Filter>
    <Filter Include="Game\GameObject\Mario">
      <UniqueIdentifier>{30d25829-9b1d-44c7-a117-42fe839a60a9}</UniqueIdentifier>
    </Filter>
    <Filter Include="Game\Scene\World-1-1">
      <UniqueIdentifier>{918625f1-7f84-4a45-baff-3593d6119e65}</UniqueIdentifier>
    </Filter>
    <Filter Include="Framework\Ultis\TinyXML">
      <UniqueIdentifier>{e2574ecd-2ede-4833-a1a9-2ec79b8ee270}</UniqueIdentifier>
    </Filter>
    <Filter Include="Game\GameObject\CollisionBox">
      <UniqueIdentifier>{c55b5a15-d0ea-49b8-8a98-80bd952db53e}</UniqueIdentifier>
    </Filter>
    <Filter Include="Game\GameObject\Mario\MarioStates">
      <UniqueIdentifier>{07d4ad0e-9d3f-4e31-b6f8-755314ffe08d}</UniqueIdentifier>
    </Filter>
    <Filter Include="Game\GameObject\Mario\MarioController">
      <UniqueIdentifier>{13e89d4f-d62c-416d-8af0-72e94bc1f130}</UniqueIdentifier>
    </Filter>
    <Filter Include="Game\GameObject\Mario\Const">
      <UniqueIdentifier>{fcd058dc-f7bb-402f-bf69-d3d61167bbd7}</UniqueIdentifier>
    </Filter>
    <Filter Include="Game\GameObject\Mario\BaseMario">
      <UniqueIdentifier>{a542e354-c503-42ec-be57-fd1092fa58cd}</UniqueIdentifier>
    </Filter>
    <Filter Include="Game\GameObject\Misc">
      <UniqueIdentifier>{2ce07ac5-c857-4db2-a313-02a53da1de70}</UniqueIdentifier>
    </Filter>
    <Filter Include="Game\GameObject\Enemy">
      <UniqueIdentifier>{528f2e80-6fbd-4fef-9f0b-30a9ac13c097}</UniqueIdentifier>
    </Filter>
    <Filter Include="Game\GameObject\Enemy\Goomba">
      <UniqueIdentifier>{e6911fe9-06d0-4f17-b3f5-709d66c6f963}</UniqueIdentifier>
    </Filter>
    <Filter Include="Game\GameObject\Enemy\Koopa">
      <UniqueIdentifier>{06d4e1ac-ee89-4c70-822b-81b18e338535}</UniqueIdentifier>
    </Filter>
    <Filter Include="Game\GameObject\Mario\MarioStates\RaccoonTail">
      <UniqueIdentifier>{a96c0e5f-441b-4f4f-99b5-c86b9f9e457c}</UniqueIdentifier>
    </Filter>
    <Filter Include="Game\GameObject\Enemy\Koopa\RedKoopa">
      <UniqueIdentifier>{d1147070-182c-4013-9aae-9b20d04d76ad}</UniqueIdentifier>
    </Filter>
    <Filter Include="Game\Resouces">
      <UniqueIdentifier>{5a34c865-db59-4efa-b201-ff91687c95f1}</UniqueIdentifier>
    </Filter>
    <Filter Include="Game\Resouces\Maps">
      <UniqueIdentifier>{5b91a648-84df-4b00-8b8e-7713d83e88b0}</UniqueIdentifier>
    </Filter>
    <Filter Include="Game\Resouces\Animations">
      <UniqueIdentifier>{335e95c2-bc2a-4470-a3bb-daf1e134b9fe}</UniqueIdentifier>
    </Filter>
    <Filter Include="Game\Resouces\Scenes">
      <UniqueIdentifier>{d797aa61-f799-465c-abc6-d2067bdbd179}</UniqueIdentifier>
    </Filter>
    <Filter Include="Game\Resouces\Sprites">
      <UniqueIdentifier>{0fcc7d7f-17d1-4ea1-856c-82b80e393d4c}</UniqueIdentifier>
    </Filter>
    <Filter Include="Game\Resouces\Textures">
      <UniqueIdentifier>{7802115c-478e-4aa2-a3eb-a4adaf19c594}</UniqueIdentifier>
    </Filter>
    <Filter Include="Game\GameObject\Misc\Block">
      <UniqueIdentifier>{416ff218-1889-4a08-b37a-ac0221e388a0}</UniqueIdentifier>
    </Filter>
    <Filter Include="Game\GameObject\Misc\Block\QuestionBlock">
      <UniqueIdentifier>{99b848fc-858c-49cc-bd30-42f1372cc828}</UniqueIdentifier>
    </Filter>
    <Filter Include="Game\GameObject\Misc\FireBall">
      <UniqueIdentifier>{ed8b8f4d-be96-464c-ab37-c8e039d43633}</UniqueIdentifier>
    </Filter>
    <Filter Include="Game\GameObject\Misc\Holdable">
      <UniqueIdentifier>{0fca7be1-e3d1-4516-ac67-5250d180db61}</UniqueIdentifier>
    </Filter>
    <Filter Include="Game\GameObject\Misc\Coin">
      <UniqueIdentifier>{f6668661-d863-4785-b317-6d8de19fac31}</UniqueIdentifier>
    </Filter>
    <Filter Include="Game\GameObject\Misc\Brick">
      <UniqueIdentifier>{0cf146a4-d71b-43bc-87a9-fd971350924e}</UniqueIdentifier>
    </Filter>
    <Filter Include="Game\GameObject\Enemy\ParaGoomba">
      <UniqueIdentifier>{05cb8d54-5722-4d03-8d7a-6de42deefc91}</UniqueIdentifier>
    </Filter>
    <Filter Include="Game\GameObject\Enemy\ParaKoopa">
      <UniqueIdentifier>{07a034fa-b626-4547-a8d2-f79dc50cbbba}</UniqueIdentifier>
    </Filter>
    <Filter Include="Game\GameObject\Enemy\Koopa\GreenKoopa">
      <UniqueIdentifier>{d542f995-8bc1-4c2b-b695-e68e46e1a7ac}</UniqueIdentifier>
    </Filter>
    <Filter Include="Game\GameObject\Enemy\Plant">
      <UniqueIdentifier>{921c9b7b-f688-40e4-b752-ef98cbe269fc}</UniqueIdentifier>
    </Filter>
    <Filter Include="Game\GameObject\Enemy\Plant\Piranha">
      <UniqueIdentifier>{3fa8055d-d271-4529-9892-4677bee21d1c}</UniqueIdentifier>
    </Filter>
    <Filter Include="Game\GameObject\Enemy\Plant\Venus">
      <UniqueIdentifier>{3c5d3087-6651-47a0-88b2-057d9bbb1086}</UniqueIdentifier>
    </Filter>
    <Filter Include="Framework\Game">
      <UniqueIdentifier>{2a2f1a66-68cd-49de-ad18-0a978ab00f87}</UniqueIdentifier>
    </Filter>
    <Filter Include="Framework\Game\Scene">
      <UniqueIdentifier>{617195c5-aa3e-4a9f-9a48-0d9efc1a7761}</UniqueIdentifier>
    </Filter>
    <Filter Include="Framework\Game\Scene\Map">
      <UniqueIdentifier>{b2813993-c029-4101-988d-5109473f905b}</UniqueIdentifier>
    </Filter>
    <Filter Include="Framework\Game\Scene\Map\TileMap">
      <UniqueIdentifier>{d9af06e8-a2c4-4db4-a48f-efc3c2b0e1ff}</UniqueIdentifier>
    </Filter>
    <Filter Include="Framework\Game\Scene\Camera">
      <UniqueIdentifier>{50acab06-5761-4285-b2f8-e9704f980e18}</UniqueIdentifier>
    </Filter>
    <Filter Include="Framework\Game\GameObject">
      <UniqueIdentifier>{9ce244ff-2527-4c9c-859f-81b6f0ec5865}</UniqueIdentifier>
    </Filter>
    <Filter Include="Framework\Game\Keyboard">
      <UniqueIdentifier>{902ad6ee-294e-440d-aed1-769e27328a89}</UniqueIdentifier>
    </Filter>
    <Filter Include="Framework\Game\Keyboard\KeyEventHandler">
      <UniqueIdentifier>{deb27a5d-6497-434a-ae65-716646434d84}</UniqueIdentifier>
    </Filter>
    <Filter Include="Framework\Game\Collision">
      <UniqueIdentifier>{4b538b71-ec2c-4c4c-91b5-16901a313e5c}</UniqueIdentifier>
    </Filter>
    <Filter Include="Framework\Game\Graphic">
      <UniqueIdentifier>{ecdd5d90-07b2-4290-9725-e94dd3c30f8d}</UniqueIdentifier>
    </Filter>
    <Filter Include="Framework\Game\Graphic\Animation">
      <UniqueIdentifier>{053545b2-8efe-4987-972c-d24f9c593d8a}</UniqueIdentifier>
    </Filter>
    <Filter Include="Framework\Game\Graphic\Sprite">
      <UniqueIdentifier>{63ca36de-8fbe-4ece-abc7-b9c2930ca084}</UniqueIdentifier>
    </Filter>
    <Filter Include="Framework\Game\Graphic\Texture">
      <UniqueIdentifier>{33fd8397-e3a2-48b9-bdc8-f7bd39d3a9aa}</UniqueIdentifier>
    </Filter>
    <Filter Include="Framework\Game\StateMachine">
      <UniqueIdentifier>{4d1ab083-fdb4-4c9a-9d9e-9f055f6780cd}</UniqueIdentifier>
    </Filter>
    <Filter Include="Framework\Game\VFX">
      <UniqueIdentifier>{52b40978-34c4-470c-8291-1d6cbd204daf}</UniqueIdentifier>
    </Filter>
    <Filter Include="Framework\Game\Pool">
      <UniqueIdentifier>{341faef7-a66d-4992-9ccd-fe27b6c854de}</UniqueIdentifier>
    </Filter>
    <Filter Include="Framework\Game\Portal">
      <UniqueIdentifier>{37990828-776d-41cf-879a-fe63c219da45}</UniqueIdentifier>
    </Filter>
    <Filter Include="Framework\Game\Portal\Label">
      <UniqueIdentifier>{d86026b8-af42-4dcd-9af5-6906c0053b24}</UniqueIdentifier>
    </Filter>
    <Filter Include="Game\Scene\World-map-1">
      <UniqueIdentifier>{fc00be8a-53f1-40e4-a77b-2e1e56799e05}</UniqueIdentifier>
    </Filter>
    <Filter Include="Game\GameObject\UI">
      <UniqueIdentifier>{bbcf641f-88ba-4532-b36d-d8c116d78fd4}</UniqueIdentifier>
    </Filter>
    <Filter Include="Game\GameObject\UI\UICamera">
      <UniqueIdentifier>{15ef686e-903d-4d43-a0aa-94e24946b49f}</UniqueIdentifier>
    </Filter>
    <Filter Include="Game\GameObject\UI\HUD">
      <UniqueIdentifier>{1f7d6085-9ac2-475e-86ee-66fc0cae8d55}</UniqueIdentifier>
    </Filter>
    <Filter Include="Game\GameObject\UI\HUD\P-meter">
      <UniqueIdentifier>{59a60539-8f54-407b-abb3-378157a253b8}</UniqueIdentifier>
    </Filter>
    <Filter Include="Game\GameObject\UI\HUD\P-meter\ArrowItem">
      <UniqueIdentifier>{65d3fde8-4806-40bc-95cd-d97e69756477}</UniqueIdentifier>
    </Filter>
    <Filter Include="Game\GameObject\UI\HUD\P-meter\P-icon">
      <UniqueIdentifier>{aa309ae4-24d2-4cd9-b8c9-3c212782f96f}</UniqueIdentifier>
    </Filter>
    <Filter Include="Game\GameObject\UI\Font">
      <UniqueIdentifier>{129b1121-236f-4d68-88e5-601a20e18132}</UniqueIdentifier>
    </Filter>
    <Filter Include="Game\GameObject\Mario\MarioMap">
      <UniqueIdentifier>{7621f308-d259-4aa1-b866-6b7e535f72de}</UniqueIdentifier>
    </Filter>
    <Filter Include="Game\GameObject\World-Item">
      <UniqueIdentifier>{60bad5f3-4431-47f4-9b50-b49a9109f1a9}</UniqueIdentifier>
    </Filter>
    <Filter Include="Game\GameObject\World-Item\Gate">
      <UniqueIdentifier>{82a85443-ef03-4d04-b398-0766305e977f}</UniqueIdentifier>
    </Filter>
    <Filter Include="Game\GameObject\World-Item\Gate\SceneGate">
      <UniqueIdentifier>{cbc79cbc-c623-49d6-b63e-66f7a488270a}</UniqueIdentifier>
    </Filter>
    <Filter Include="Game\GameObject\World-Item\Item">
      <UniqueIdentifier>{1540373e-7cc3-4592-b42a-bb78151cf939}</UniqueIdentifier>
    </Filter>
    <Filter Include="Game\GameObject\World-Item\SlaveMonkey">
      <UniqueIdentifier>{0eaee216-c3c8-4c2a-b198-09def02448b5}</UniqueIdentifier>
    </Filter>
    <Filter Include="Framework\Game\Portal\BasePortal">
      <UniqueIdentifier>{7ec28254-5b0f-489d-bad3-1a4e9682ba47}</UniqueIdentifier>
    </Filter>
    <Filter Include="Framework\Game\Graph">
      <UniqueIdentifier>{b0251d67-0cca-41d1-9257-19238c6157e7}</UniqueIdentifier>
    </Filter>
    <Filter Include="Game\GameObject\World-Item\Node">
      <UniqueIdentifier>{1f351b00-1cb9-44ff-8bc4-70ac95c4bf4e}</UniqueIdentifier>
    </Filter>
    <Filter Include="Game\GameObject\Enemy\KoopaShell">
      <UniqueIdentifier>{355de57c-101d-4356-b49a-7ab715e6e94c}</UniqueIdentifier>
    </Filter>
    <Filter Include="Game\GameObject\Enemy\Goomba\TanGoomba">
      <UniqueIdentifier>{8623abe7-6eac-4dce-8baa-926ee4ae84e0}</UniqueIdentifier>
    </Filter>
    <Filter Include="Game\GameObject\Enemy\Goomba\RedGoomba">
      <UniqueIdentifier>{fdc8bd3f-4b6b-4b04-a0c5-e3da4755a2eb}</UniqueIdentifier>
    </Filter>
    <Filter Include="Game\GameObject\Enemy\ParaGoomba\RedParaGoomba">
      <UniqueIdentifier>{74843606-372e-4586-9ab4-b91ec3a222dc}</UniqueIdentifier>
    </Filter>
    <Filter Include="Game\GameObject\Misc\Block\EmptyBlock">
      <UniqueIdentifier>{6fe7acfc-3c3a-4241-92fd-d3be9835bf71}</UniqueIdentifier>
    </Filter>
    <Filter Include="Game\GameObject\Misc\Block\PSwitch">
      <UniqueIdentifier>{872c724c-d654-481d-bc1f-3398c5f0b953}</UniqueIdentifier>
    </Filter>
    <Filter Include="Game\GameObject\Enemy\Plant\Venus\Green">
      <UniqueIdentifier>{6c775e39-b7d2-4aa3-9d54-d9ff0d5b9ef7}</UniqueIdentifier>
    </Filter>
    <Filter Include="Game\GameObject\Enemy\Plant\Venus\Red">
      <UniqueIdentifier>{30b613c8-2d05-4004-9cc5-8af0182667d6}</UniqueIdentifier>
    </Filter>
    <Filter Include="Game\GameObject\UI\HUD\GameTimer">
      <UniqueIdentifier>{bec6c5ba-15a9-4c03-99b3-0fefee2af139}</UniqueIdentifier>
    </Filter>
    <Filter Include="Game\GameObject\UI\HUD\CardGift">
      <UniqueIdentifier>{b5963d89-5081-4bce-9fad-8e7e55960d09}</UniqueIdentifier>
    </Filter>
    <Filter Include="Game\GameObject\Misc\Card">
      <UniqueIdentifier>{6d606b37-b0e0-4cc8-867d-99ac5ba883a0}</UniqueIdentifier>
    </Filter>
    <Filter Include="Game\GameObject\Effect">
      <UniqueIdentifier>{0b1ec37c-7d28-4108-8e5d-b095413b195d}</UniqueIdentifier>
    </Filter>
    <Filter Include="Game\GameObject\Effect\ScoreEffect">
      <UniqueIdentifier>{d4b9e992-59c2-486f-bb1f-6ba15fcf60b8}</UniqueIdentifier>
    </Filter>
    <Filter Include="Game\GameObject\Effect\Gift">
      <UniqueIdentifier>{3e28dfb2-4080-4525-ad2e-2fc90b94084a}</UniqueIdentifier>
    </Filter>
    <Filter Include="Game\GameObject\Effect\Gift\SuperLeafEffect">
      <UniqueIdentifier>{7e54899e-0f2d-4fd8-acb8-b399410167e8}</UniqueIdentifier>
    </Filter>
    <Filter Include="Game\GameObject\Effect\Gift\SuperMushroomEffect">
      <UniqueIdentifier>{d272ab0d-a862-4a8a-96ab-0873603f8225}</UniqueIdentifier>
    </Filter>
    <Filter Include="Game\GameObject\Effect\CoinEffect">
      <UniqueIdentifier>{637517e9-95f3-4059-aacc-81d0b0ced04b}</UniqueIdentifier>
    </Filter>
    <Filter Include="Game\GameObject\Effect\BrickEffect">
      <UniqueIdentifier>{878388b8-587a-4f9f-aaf4-e2ae691a2a98}</UniqueIdentifier>
    </Filter>
    <Filter Include="Game\GameObject\Effect\HitEffect">
      <UniqueIdentifier>{312acf1f-81b6-42df-8ad6-c5a5d1f40a83}</UniqueIdentifier>
    </Filter>
    <Filter Include="Game\GameObject\Effect\GoalEffect">
      <UniqueIdentifier>{742f0a5a-bd2d-458e-ba65-5ae9c60a0a0b}</UniqueIdentifier>
    </Filter>
    <Filter Include="Game\GameObject\Pipe">
      <UniqueIdentifier>{eec80390-76c7-4d24-bc95-4b56e0d7bc21}</UniqueIdentifier>
    </Filter>
    <Filter Include="Game\GameObject\Effect\Gift\FireFlower">
      <UniqueIdentifier>{54b94729-666e-4aa7-9503-97c8f5ba4dce}</UniqueIdentifier>
    </Filter>
    <Filter Include="Game\Scene\World-1-4">
      <UniqueIdentifier>{3b449d8f-474e-407e-99e3-3bfbcb13968e}</UniqueIdentifier>
    </Filter>
  </ItemGroup>
  <ItemGroup>
    <ClInclude Include="framework.h">
      <Filter>Files\Header Files</Filter>
    </ClInclude>
    <ClInclude Include="targetver.h">
      <Filter>Files\Header Files</Filter>
    </ClInclude>
    <ClInclude Include="Game.h">
      <Filter>Framework\Game</Filter>
    </ClInclude>
    <ClInclude Include="GameConst.h">
      <Filter>Framework\Game</Filter>
    </ClInclude>
    <ClInclude Include="SceneManager.h">
      <Filter>Framework\Game\Scene</Filter>
    </ClInclude>
    <ClInclude Include="Scene.h">
      <Filter>Framework\Game\Scene</Filter>
    </ClInclude>
    <ClInclude Include="GameObject.h">
      <Filter>Framework\Game\GameObject</Filter>
    </ClInclude>
    <ClInclude Include="Animation.h">
      <Filter>Framework\Game\Graphic\Animation</Filter>
    </ClInclude>
    <ClInclude Include="AnimationFrame.h">
      <Filter>Framework\Game\Graphic\Animation</Filter>
    </ClInclude>
    <ClInclude Include="AnimationManager.h">
      <Filter>Framework\Game\Graphic\Animation</Filter>
    </ClInclude>
    <ClInclude Include="TextureManager.h">
      <Filter>Framework\Game\Graphic\Texture</Filter>
    </ClInclude>
    <ClInclude Include="Sprite.h">
      <Filter>Framework\Game\Graphic\Sprite</Filter>
    </ClInclude>
    <ClInclude Include="SpriteManager.h">
      <Filter>Framework\Game\Graphic\Sprite</Filter>
    </ClInclude>
    <ClInclude Include="Ultis.h">
      <Filter>Framework\Ultis</Filter>
    </ClInclude>
    <ClInclude Include="GraphicConst.h">
      <Filter>Framework\Game\Graphic</Filter>
    </ClInclude>
    <ClInclude Include="Scene1.h">
      <Filter>Game\Scene\World-1-1</Filter>
    </ClInclude>
    <ClInclude Include="tinystr.h">
      <Filter>Framework\Ultis\TinyXML</Filter>
    </ClInclude>
    <ClInclude Include="tinyxml.h">
      <Filter>Framework\Ultis\TinyXML</Filter>
    </ClInclude>
    <ClInclude Include="Transform.h">
      <Filter>Framework\Ultis</Filter>
    </ClInclude>
    <ClInclude Include="Map.h">
      <Filter>Framework\Game\Scene\Map</Filter>
    </ClInclude>
    <ClInclude Include="Camera.h">
      <Filter>Framework\Game\Scene\Camera</Filter>
    </ClInclude>
    <ClInclude Include="MapConst.h">
      <Filter>Framework\Game\Scene\Map</Filter>
    </ClInclude>
    <ClInclude Include="KeyboardManager.h">
      <Filter>Framework\Game\Keyboard</Filter>
    </ClInclude>
    <ClInclude Include="GameKeyEventHandler.h">
      <Filter>Framework\Game\Keyboard\KeyEventHandler</Filter>
    </ClInclude>
    <ClInclude Include="KeyEventHandler.h">
      <Filter>Framework\Game\Keyboard\KeyEventHandler</Filter>
    </ClInclude>
    <ClInclude Include="CollisionBox.h">
      <Filter>Framework\Game\Collision</Filter>
    </ClInclude>
    <ClInclude Include="PhysicsBody.h">
      <Filter>Framework\Game\Collision</Filter>
    </ClInclude>
    <ClInclude Include="RectF.h">
      <Filter>Framework\Ultis</Filter>
    </ClInclude>
    <ClInclude Include="SolidBox.h">
      <Filter>Game\GameObject\CollisionBox</Filter>
    </ClInclude>
    <ClInclude Include="Const.h">
      <Filter>Game</Filter>
    </ClInclude>
    <ClInclude Include="GameObjectTags.h">
      <Filter>Framework\Game\GameObject</Filter>
    </ClInclude>
    <ClInclude Include="TileMap.h">
      <Filter>Framework\Game\Scene\Map\TileMap</Filter>
    </ClInclude>
    <ClInclude Include="GhostPlatform.h">
      <Filter>Game\GameObject\CollisionBox</Filter>
    </ClInclude>
    <ClInclude Include="StateMachine.h">
      <Filter>Framework\Game\StateMachine</Filter>
    </ClInclude>
    <ClInclude Include="MarioStateSet.h">
      <Filter>Game\GameObject\Mario</Filter>
    </ClInclude>
    <ClInclude Include="FireMario.h">
      <Filter>Game\GameObject\Mario\MarioStates</Filter>
    </ClInclude>
    <ClInclude Include="SmallMario.h">
      <Filter>Game\GameObject\Mario\MarioStates</Filter>
    </ClInclude>
    <ClInclude Include="Mario.h">
      <Filter>Game\GameObject\Mario\BaseMario</Filter>
    </ClInclude>
    <ClInclude Include="IState.h">
      <Filter>Framework\Game\StateMachine</Filter>
    </ClInclude>
    <ClInclude Include="MarioController.h">
      <Filter>Game\GameObject\Mario\MarioController</Filter>
    </ClInclude>
    <ClInclude Include="MarioConst.h">
      <Filter>Game\GameObject\Mario\Const</Filter>
    </ClInclude>
    <ClInclude Include="MarioControllerConst.h">
      <Filter>Game\GameObject\Mario\Const</Filter>
    </ClInclude>
    <ClInclude Include="SuperMario.h">
      <Filter>Game\GameObject\Mario\MarioStates</Filter>
    </ClInclude>
    <ClInclude Include="Misc.h">
      <Filter>Game\GameObject\Misc</Filter>
    </ClInclude>
    <ClInclude Include="MiscConst.h">
      <Filter>Game\GameObject\Misc</Filter>
    </ClInclude>
    <ClInclude Include="Enemy.h">
      <Filter>Game\GameObject\Enemy</Filter>
    </ClInclude>
    <ClInclude Include="EnemyConst.h">
      <Filter>Game\GameObject\Enemy</Filter>
    </ClInclude>
    <ClInclude Include="Goomba.h">
      <Filter>Game\GameObject\Enemy\Goomba</Filter>
    </ClInclude>
    <ClInclude Include="Koopa.h">
      <Filter>Game\GameObject\Enemy\Koopa</Filter>
    </ClInclude>
    <ClInclude Include="GoombaConst.h">
      <Filter>Game\GameObject\Enemy\Goomba</Filter>
    </ClInclude>
    <ClInclude Include="KoopaConst.h">
      <Filter>Game\GameObject\Enemy\Koopa</Filter>
    </ClInclude>
    <ClInclude Include="RaccoonTailBox.h">
      <Filter>Game\GameObject\Mario\MarioStates\RaccoonTail</Filter>
    </ClInclude>
    <ClInclude Include="RaccoonTailConst.h">
      <Filter>Game\GameObject\Mario\MarioStates\RaccoonTail</Filter>
    </ClInclude>
    <ClInclude Include="RaccoonMario.h">
      <Filter>Game\GameObject\Mario\MarioStates</Filter>
    </ClInclude>
    <ClInclude Include="KoopaShell.h">
      <Filter>Game\GameObject\Enemy\KoopaShell</Filter>
    </ClInclude>
    <ClInclude Include="CollisionBoxConst.h">
      <Filter>Framework\Game\Collision</Filter>
    </ClInclude>
    <ClInclude Include="GameObjectConst.h">
      <Filter>Framework\Game\GameObject</Filter>
    </ClInclude>
    <ClInclude Include="MarioCollisionBox.h">
      <Filter>Game\GameObject\Mario\BaseMario</Filter>
    </ClInclude>
    <ClInclude Include="RedKoopa.h">
      <Filter>Game\GameObject\Enemy\Koopa\RedKoopa</Filter>
    </ClInclude>
    <ClInclude Include="EffectObject.h">
      <Filter>Framework\Game\VFX</Filter>
    </ClInclude>
    <ClInclude Include="EffectConst.h">
      <Filter>Game\GameObject\Effect</Filter>
    </ClInclude>
    <ClInclude Include="SceneConst.h">
      <Filter>Framework\Game\Scene</Filter>
    </ClInclude>
    <ClInclude Include="Holdable.h">
      <Filter>Game\GameObject\Misc\Holdable</Filter>
    </ClInclude>
    <ClInclude Include="QuestionBlock.h">
      <Filter>Game\GameObject\Misc\Block\QuestionBlock</Filter>
    </ClInclude>
    <ClInclude Include="QuestionBlockConst.h">
      <Filter>Game\GameObject\Misc\Block\QuestionBlock</Filter>
    </ClInclude>
    <ClInclude Include="Block.h">
      <Filter>Game\GameObject\Misc\Block</Filter>
    </ClInclude>
    <ClInclude Include="BlockConst.h">
      <Filter>Game\GameObject\Misc\Block</Filter>
    </ClInclude>
    <ClInclude Include="Coin.h">
      <Filter>Game\GameObject\Misc\Coin</Filter>
    </ClInclude>
    <ClInclude Include="CoinConst.h">
      <Filter>Game\GameObject\Misc\Coin</Filter>
    </ClInclude>
    <ClInclude Include="ItemInfo.h">
      <Filter>Game\GameObject</Filter>
    </ClInclude>
    <ClInclude Include="LeafEffect.h">
      <Filter>Game\GameObject\Effect\Gift\SuperLeafEffect</Filter>
    </ClInclude>
    <ClInclude Include="LeafConst.h">
      <Filter>Game\GameObject\Effect\Gift\SuperLeafEffect</Filter>
    </ClInclude>
    <ClInclude Include="Gift.h">
      <Filter>Game\GameObject\Effect\Gift</Filter>
    </ClInclude>
    <ClInclude Include="MushroomEffect.h">
      <Filter>Game\GameObject\Effect\Gift\SuperMushroomEffect</Filter>
    </ClInclude>
    <ClInclude Include="MushroomConst.h">
      <Filter>Game\GameObject\Effect\Gift\SuperMushroomEffect</Filter>
    </ClInclude>
    <ClInclude Include="Brick.h">
      <Filter>Game\GameObject\Misc\Brick</Filter>
    </ClInclude>
    <ClInclude Include="BrickConst.h">
      <Filter>Game\GameObject\Misc\Brick</Filter>
    </ClInclude>
    <ClInclude Include="ParaKoopa.h">
      <Filter>Game\GameObject\Enemy\ParaKoopa</Filter>
    </ClInclude>
    <ClInclude Include="CVenus.h">
      <Filter>Game\GameObject\Enemy\Plant\Venus</Filter>
    </ClInclude>
    <ClInclude Include="Piranha.h">
      <Filter>Game\GameObject\Enemy\Plant\Piranha</Filter>
    </ClInclude>
    <ClInclude Include="ParaKoopaConst.h">
      <Filter>Game\GameObject\Enemy\ParaKoopa</Filter>
    </ClInclude>
    <ClInclude Include="RedKoopaShell.h">
      <Filter>Game\GameObject\Enemy\Koopa\RedKoopa</Filter>
    </ClInclude>
    <ClInclude Include="GreenKoopa.h">
      <Filter>Game\GameObject\Enemy\Koopa\GreenKoopa</Filter>
    </ClInclude>
    <ClInclude Include="GreenKoopaShell.h">
      <Filter>Game\GameObject\Enemy\Koopa\GreenKoopa</Filter>
    </ClInclude>
    <ClInclude Include="VenusConst.h">
      <Filter>Game\GameObject\Enemy\Plant\Venus</Filter>
    </ClInclude>
    <ClInclude Include="Plant.h">
      <Filter>Game\GameObject\Enemy\Plant</Filter>
    </ClInclude>
    <ClInclude Include="PiranhaConst.h">
      <Filter>Game\GameObject\Enemy\Plant</Filter>
    </ClInclude>
    <ClInclude Include="ObjectPool.h">
      <Filter>Framework\Game\Pool</Filter>
    </ClInclude>
    <ClInclude Include="MarioFireBall.h">
      <Filter>Game\GameObject\Misc\FireBall</Filter>
    </ClInclude>
    <ClInclude Include="VenusFireBall.h">
      <Filter>Game\GameObject\Misc\FireBall</Filter>
    </ClInclude>
    <ClInclude Include="Portal.h">
      <Filter>Framework\Game\Portal</Filter>
    </ClInclude>
    <ClInclude Include="Label.h">
      <Filter>Framework\Game\Portal\Label</Filter>
    </ClInclude>
    <ClInclude Include="HUD.h">
      <Filter>Game\GameObject\UI\HUD</Filter>
    </ClInclude>
    <ClInclude Include="UICamera.h">
      <Filter>Game\GameObject\UI\UICamera</Filter>
    </ClInclude>
    <ClInclude Include="Font.h">
      <Filter>Game\GameObject\UI\Font</Filter>
    </ClInclude>
    <ClInclude Include="UICameraConst.h">
      <Filter>Game\GameObject\UI\UICamera</Filter>
    </ClInclude>
    <ClInclude Include="PMeter.h">
      <Filter>Game\GameObject\UI\HUD\P-meter</Filter>
    </ClInclude>
    <ClInclude Include="ArrowItemIcon.h">
      <Filter>Game\GameObject\UI\HUD\P-meter\ArrowItem</Filter>
    </ClInclude>
    <ClInclude Include="PIcon.h">
      <Filter>Game\GameObject\UI\HUD\P-meter\P-icon</Filter>
    </ClInclude>
    <ClInclude Include="PMeterConst.h">
      <Filter>Game\GameObject\UI\HUD\P-meter</Filter>
    </ClInclude>
    <ClInclude Include="WorldMap1.h">
      <Filter>Game\Scene\World-map-1</Filter>
    </ClInclude>
    <ClInclude Include="MarioMap.h">
      <Filter>Game\GameObject\Mario\MarioMap</Filter>
    </ClInclude>
    <ClInclude Include="MarioMapConst.h">
      <Filter>Game\GameObject\Mario\MarioMap</Filter>
    </ClInclude>
    <ClInclude Include="WorldItemConst.h">
      <Filter>Game\GameObject\World-Item</Filter>
    </ClInclude>
    <ClInclude Include="Grass.h">
      <Filter>Game\GameObject\World-Item\Item</Filter>
    </ClInclude>
    <ClInclude Include="HelpItem.h">
      <Filter>Game\GameObject\World-Item\Item</Filter>
    </ClInclude>
    <ClInclude Include="StartItem.h">
      <Filter>Game\GameObject\World-Item\Item</Filter>
    </ClInclude>
    <ClInclude Include="SceneGate.h">
      <Filter>Game\GameObject\World-Item\Gate\SceneGate</Filter>
    </ClInclude>
    <ClInclude Include="BasePortal.h">
      <Filter>Framework\Game\Portal\BasePortal</Filter>
    </ClInclude>
    <ClInclude Include="Node.h">
      <Filter>Framework\Game\Graph</Filter>
    </ClInclude>
    <ClInclude Include="Graph.h">
      <Filter>Framework\Game\Graph</Filter>
    </ClInclude>
    <ClInclude Include="NodeMap.h">
      <Filter>Game\GameObject\World-Item\Node</Filter>
    </ClInclude>
    <ClInclude Include="RedGoomba.h">
      <Filter>Game\GameObject\Enemy\Goomba\RedGoomba</Filter>
    </ClInclude>
    <ClInclude Include="RedParaGoomba.h">
      <Filter>Game\GameObject\Enemy\ParaGoomba\RedParaGoomba</Filter>
    </ClInclude>
    <ClInclude Include="TanGoomba.h">
      <Filter>Game\GameObject\Enemy\Goomba\TanGoomba</Filter>
    </ClInclude>
    <ClInclude Include="ParaGoombaConst.h">
      <Filter>Game\GameObject\Enemy\ParaGoomba</Filter>
    </ClInclude>
    <ClInclude Include="PSwitch.h">
      <Filter>Game\GameObject\Misc\Block\PSwitch</Filter>
    </ClInclude>
    <ClInclude Include="PSwitchConst.h">
      <Filter>Game\GameObject\Misc\Block\PSwitch</Filter>
    </ClInclude>
    <ClInclude Include="EmptyBlock.h">
      <Filter>Game\GameObject\Misc\Block\EmptyBlock</Filter>
    </ClInclude>
    <ClInclude Include="VenusGreen.h">
      <Filter>Game\GameObject\Enemy\Plant\Venus\Green</Filter>
    </ClInclude>
    <ClInclude Include="VenusRed.h">
      <Filter>Game\GameObject\Enemy\Plant\Venus\Red</Filter>
    </ClInclude>
    <ClInclude Include="Card.h">
      <Filter>Game\GameObject\Misc\Card</Filter>
    </ClInclude>
    <ClInclude Include="CardGift.h">
      <Filter>Game\GameObject\UI\HUD\CardGift</Filter>
    </ClInclude>
    <ClInclude Include="GameTimer.h">
      <Filter>Game\GameObject\UI\HUD\GameTimer</Filter>
    </ClInclude>
    <ClInclude Include="CoinEffect.h">
      <Filter>Game\GameObject\Effect\CoinEffect</Filter>
    </ClInclude>
    <ClInclude Include="BrickEffect.h">
      <Filter>Game\GameObject\Effect\BrickEffect</Filter>
    </ClInclude>
    <ClInclude Include="HitEffects.h">
      <Filter>Game\GameObject\Effect\HitEffect</Filter>
    </ClInclude>
    <ClInclude Include="ScoreEffect.h">
      <Filter>Game\GameObject\Effect\ScoreEffect</Filter>
    </ClInclude>
    <ClInclude Include="ScoreFXConst.h">
      <Filter>Game\GameObject\Effect\ScoreEffect</Filter>
    </ClInclude>
    <ClInclude Include="BrickFXConst.h">
      <Filter>Game\GameObject\Effect\BrickEffect</Filter>
    </ClInclude>
    <ClInclude Include="GoalEffects.h">
      <Filter>Game\GameObject\Effect\GoalEffect</Filter>
    </ClInclude>
    <ClInclude Include="GoalFXConst.h">
      <Filter>Game\GameObject\Effect\GoalEffect</Filter>
    </ClInclude>
    <ClInclude Include="Pipe.h">
      <Filter>Game\GameObject\Pipe</Filter>
    </ClInclude>
    <ClInclude Include="Scene4.h">
      <Filter>Files\Header Files</Filter>
    </ClInclude>
    <ClInclude Include="FireFlower.h">
      <Filter>Game\GameObject\Effect\Gift\FireFlower</Filter>
    </ClInclude>
    <ClInclude Include="Resource.h">
      <Filter>Files\Header Files</Filter>
    </ClInclude>
    <ClInclude Include="CameraConst.h">
      <Filter>Framework\Game\Scene\Camera</Filter>
    </ClInclude>
  </ItemGroup>
  <ItemGroup>
    <ClCompile Include="Game.cpp">
      <Filter>Framework\Game</Filter>
    </ClCompile>
    <ClCompile Include="SceneManager.cpp">
      <Filter>Framework\Game\Scene</Filter>
    </ClCompile>
    <ClCompile Include="Scene.cpp">
      <Filter>Framework\Game\Scene</Filter>
    </ClCompile>
    <ClCompile Include="GameObject.cpp">
      <Filter>Framework\Game\GameObject</Filter>
    </ClCompile>
    <ClCompile Include="Animation.cpp">
      <Filter>Framework\Game\Graphic\Animation</Filter>
    </ClCompile>
    <ClCompile Include="AnimationFrame.cpp">
      <Filter>Framework\Game\Graphic\Animation</Filter>
    </ClCompile>
    <ClCompile Include="AnimationManager.cpp">
      <Filter>Framework\Game\Graphic\Animation</Filter>
    </ClCompile>
    <ClCompile Include="TextureManager.cpp">
      <Filter>Framework\Game\Graphic\Texture</Filter>
    </ClCompile>
    <ClCompile Include="Sprite.cpp">
      <Filter>Framework\Game\Graphic\Sprite</Filter>
    </ClCompile>
    <ClCompile Include="SpriteManager.cpp">
      <Filter>Framework\Game\Graphic\Sprite</Filter>
    </ClCompile>
    <ClCompile Include="Ultis.cpp">
      <Filter>Framework\Ultis</Filter>
    </ClCompile>
    <ClCompile Include="Scene1.cpp">
      <Filter>Game\Scene\World-1-1</Filter>
    </ClCompile>
    <ClCompile Include="main.cpp">
      <Filter>Game</Filter>
    </ClCompile>
    <ClCompile Include="tinystr.cpp">
      <Filter>Framework\Ultis\TinyXML</Filter>
    </ClCompile>
    <ClCompile Include="tinyxml.cpp">
      <Filter>Framework\Ultis\TinyXML</Filter>
    </ClCompile>
    <ClCompile Include="tinyxmlerror.cpp">
      <Filter>Framework\Ultis\TinyXML</Filter>
    </ClCompile>
    <ClCompile Include="tinyxmlparser.cpp">
      <Filter>Framework\Ultis\TinyXML</Filter>
    </ClCompile>
    <ClCompile Include="Map.cpp">
      <Filter>Framework\Game\Scene\Map</Filter>
    </ClCompile>
    <ClCompile Include="Camera.cpp">
      <Filter>Framework\Game\Scene\Camera</Filter>
    </ClCompile>
    <ClCompile Include="KeyboardManager.cpp">
      <Filter>Framework\Game\Keyboard</Filter>
    </ClCompile>
    <ClCompile Include="GameKeyEventHandler.cpp">
      <Filter>Framework\Game\Keyboard\KeyEventHandler</Filter>
    </ClCompile>
    <ClCompile Include="KeyEventHandler.cpp">
      <Filter>Framework\Game\Keyboard\KeyEventHandler</Filter>
    </ClCompile>
    <ClCompile Include="PhysicsBody.cpp">
      <Filter>Framework\Game\Collision</Filter>
    </ClCompile>
    <ClCompile Include="CollisionBox.cpp">
      <Filter>Framework\Game\Collision</Filter>
    </ClCompile>
    <ClCompile Include="SolidBox.cpp">
      <Filter>Game\GameObject\CollisionBox</Filter>
    </ClCompile>
    <ClCompile Include="TileMap.cpp">
      <Filter>Framework\Game\Scene\Map\TileMap</Filter>
    </ClCompile>
    <ClCompile Include="GhostPlatform.cpp">
      <Filter>Game\GameObject\CollisionBox</Filter>
    </ClCompile>
    <ClCompile Include="StateMachine.cpp">
      <Filter>Framework\Game\StateMachine</Filter>
    </ClCompile>
    <ClCompile Include="SmallMario.cpp">
      <Filter>Game\GameObject\Mario\MarioStates</Filter>
    </ClCompile>
    <ClCompile Include="FireMario.cpp">
      <Filter>Game\GameObject\Mario\MarioStates</Filter>
    </ClCompile>
    <ClCompile Include="Mario.cpp">
      <Filter>Game\GameObject\Mario\BaseMario</Filter>
    </ClCompile>
    <ClCompile Include="IState.cpp">
      <Filter>Framework\Game\StateMachine</Filter>
    </ClCompile>
    <ClCompile Include="MarioController.cpp">
      <Filter>Game\GameObject\Mario\MarioController</Filter>
    </ClCompile>
    <ClCompile Include="SuperMario.cpp">
      <Filter>Game\GameObject\Mario\MarioStates</Filter>
    </ClCompile>
    <ClCompile Include="Misc.cpp">
      <Filter>Game\GameObject\Misc</Filter>
    </ClCompile>
    <ClCompile Include="Enemy.cpp">
      <Filter>Game\GameObject\Enemy</Filter>
    </ClCompile>
    <ClCompile Include="Goomba.cpp">
      <Filter>Game\GameObject\Enemy\Goomba</Filter>
    </ClCompile>
    <ClCompile Include="Koopa.cpp">
      <Filter>Game\GameObject\Enemy\Koopa</Filter>
    </ClCompile>
    <ClCompile Include="RaccoonTailBox.cpp">
      <Filter>Game\GameObject\Mario\MarioStates\RaccoonTail</Filter>
    </ClCompile>
    <ClCompile Include="RaccoonMario.cpp">
      <Filter>Game\GameObject\Mario\MarioStates</Filter>
    </ClCompile>
    <ClCompile Include="KoopaShell.cpp">
      <Filter>Game\GameObject\Enemy\KoopaShell</Filter>
    </ClCompile>
    <ClCompile Include="MarioCollisionBox.cpp">
      <Filter>Game\GameObject\Mario\BaseMario</Filter>
    </ClCompile>
    <ClCompile Include="RedKoopa.cpp">
      <Filter>Game\GameObject\Enemy\Koopa\RedKoopa</Filter>
    </ClCompile>
    <ClCompile Include="EffectObject.cpp">
      <Filter>Framework\Game\VFX</Filter>
    </ClCompile>
    <ClCompile Include="Holdable.cpp">
      <Filter>Game\GameObject\Misc\Holdable</Filter>
    </ClCompile>
    <ClCompile Include="QuestionBlock.cpp">
      <Filter>Game\GameObject\Misc\Block\QuestionBlock</Filter>
    </ClCompile>
    <ClCompile Include="Block.cpp">
      <Filter>Game\GameObject\Misc\Block</Filter>
    </ClCompile>
    <ClCompile Include="Coin.cpp">
      <Filter>Game\GameObject\Misc\Coin</Filter>
    </ClCompile>
    <ClCompile Include="LeafEffect.cpp">
      <Filter>Game\GameObject\Effect\Gift\SuperLeafEffect</Filter>
    </ClCompile>
    <ClCompile Include="Gift.cpp">
      <Filter>Game\GameObject\Effect\Gift</Filter>
    </ClCompile>
    <ClCompile Include="MushroomEffect.cpp">
      <Filter>Game\GameObject\Effect\Gift\SuperMushroomEffect</Filter>
    </ClCompile>
    <ClCompile Include="Brick.cpp">
      <Filter>Game\GameObject\Misc\Brick</Filter>
    </ClCompile>
    <ClCompile Include="ParaKoopa.cpp">
      <Filter>Game\GameObject\Enemy\ParaKoopa</Filter>
    </ClCompile>
    <ClCompile Include="CVenus.cpp">
      <Filter>Game\GameObject\Enemy\Plant\Venus</Filter>
    </ClCompile>
    <ClCompile Include="Piranha.cpp">
      <Filter>Game\GameObject\Enemy\Plant\Piranha</Filter>
    </ClCompile>
    <ClCompile Include="RedKoopaShell.cpp">
      <Filter>Game\GameObject\Enemy\Koopa\RedKoopa</Filter>
    </ClCompile>
    <ClCompile Include="GreenKoopa.cpp">
      <Filter>Game\GameObject\Enemy\Koopa\GreenKoopa</Filter>
    </ClCompile>
    <ClCompile Include="GreenKoopaShell.cpp">
      <Filter>Game\GameObject\Enemy\Koopa\GreenKoopa</Filter>
    </ClCompile>
    <ClCompile Include="Plant.cpp">
      <Filter>Game\GameObject\Enemy\Plant</Filter>
    </ClCompile>
    <ClCompile Include="ObjectPool.cpp">
      <Filter>Framework\Game\Pool</Filter>
    </ClCompile>
    <ClCompile Include="MarioFireBall.cpp">
      <Filter>Game\GameObject\Misc\FireBall</Filter>
    </ClCompile>
    <ClCompile Include="VenusFireBall.cpp">
      <Filter>Game\GameObject\Misc\FireBall</Filter>
    </ClCompile>
    <ClCompile Include="Portal.cpp">
      <Filter>Framework\Game\Portal</Filter>
    </ClCompile>
    <ClCompile Include="Label.cpp">
      <Filter>Framework\Game\Portal\Label</Filter>
    </ClCompile>
    <ClCompile Include="HUD.cpp">
      <Filter>Game\GameObject\UI\HUD</Filter>
    </ClCompile>
    <ClCompile Include="UICamera.cpp">
      <Filter>Game\GameObject\UI\UICamera</Filter>
    </ClCompile>
    <ClCompile Include="Font.cpp">
      <Filter>Game\GameObject\UI\Font</Filter>
    </ClCompile>
    <ClCompile Include="PMeter.cpp">
      <Filter>Game\GameObject\UI\HUD\P-meter</Filter>
    </ClCompile>
    <ClCompile Include="ArrowItemIcon.cpp">
      <Filter>Game\GameObject\UI\HUD\P-meter\ArrowItem</Filter>
    </ClCompile>
    <ClCompile Include="PIcon.cpp">
      <Filter>Game\GameObject\UI\HUD\P-meter\P-icon</Filter>
    </ClCompile>
    <ClCompile Include="WorldMap1.cpp">
      <Filter>Game\Scene\World-map-1</Filter>
    </ClCompile>
    <ClCompile Include="MarioMap.cpp">
      <Filter>Game\GameObject\Mario\MarioMap</Filter>
    </ClCompile>
    <ClCompile Include="Grass.cpp">
      <Filter>Game\GameObject\World-Item\Item</Filter>
    </ClCompile>
    <ClCompile Include="HelpItem.cpp">
      <Filter>Game\GameObject\World-Item\Item</Filter>
    </ClCompile>
    <ClCompile Include="StartItem.cpp">
      <Filter>Game\GameObject\World-Item\Item</Filter>
    </ClCompile>
    <ClCompile Include="SceneGate.cpp">
      <Filter>Game\GameObject\World-Item\Gate\SceneGate</Filter>
    </ClCompile>
    <ClCompile Include="BasePortal.cpp">
      <Filter>Framework\Game\Portal\BasePortal</Filter>
    </ClCompile>
    <ClCompile Include="Node.cpp">
      <Filter>Framework\Game\Graph</Filter>
    </ClCompile>
    <ClCompile Include="Graph.cpp">
      <Filter>Framework\Game\Graph</Filter>
    </ClCompile>
    <ClCompile Include="NodeMap.cpp">
      <Filter>Game\GameObject\World-Item\Node</Filter>
    </ClCompile>
    <ClCompile Include="TanGoomba.cpp">
      <Filter>Game\GameObject\Enemy\Goomba\TanGoomba</Filter>
    </ClCompile>
    <ClCompile Include="RedGoomba.cpp">
      <Filter>Game\GameObject\Enemy\Goomba\RedGoomba</Filter>
    </ClCompile>
    <ClCompile Include="RedParaGoomba.cpp">
      <Filter>Game\GameObject\Enemy\ParaGoomba\RedParaGoomba</Filter>
    </ClCompile>
    <ClCompile Include="PSwitch.cpp">
      <Filter>Game\GameObject\Misc\Block\PSwitch</Filter>
    </ClCompile>
    <ClCompile Include="EmptyBlock.cpp">
      <Filter>Game\GameObject\Misc\Block\EmptyBlock</Filter>
    </ClCompile>
    <ClCompile Include="VenusGreen.cpp">
      <Filter>Game\GameObject\Enemy\Plant\Venus\Green</Filter>
    </ClCompile>
    <ClCompile Include="VenusRed.cpp">
      <Filter>Game\GameObject\Enemy\Plant\Venus\Red</Filter>
    </ClCompile>
    <ClCompile Include="CardGift.cpp">
      <Filter>Game\GameObject\UI\HUD\CardGift</Filter>
    </ClCompile>
    <ClCompile Include="Card.cpp">
      <Filter>Game\GameObject\Misc\Card</Filter>
    </ClCompile>
    <ClCompile Include="GameTimer.cpp">
      <Filter>Game\GameObject\UI\HUD\GameTimer</Filter>
    </ClCompile>
    <ClCompile Include="CoinEffect.cpp">
      <Filter>Game\GameObject\Effect\CoinEffect</Filter>
    </ClCompile>
    <ClCompile Include="BrickEffect.cpp">
      <Filter>Game\GameObject\Effect\BrickEffect</Filter>
    </ClCompile>
    <ClCompile Include="HitEffects.cpp">
      <Filter>Game\GameObject\Effect\HitEffect</Filter>
    </ClCompile>
    <ClCompile Include="ScoreEffect.cpp">
      <Filter>Game\GameObject\Effect\ScoreEffect</Filter>
    </ClCompile>
    <ClCompile Include="GoalEffects.cpp">
      <Filter>Game\GameObject\Effect\GoalEffect</Filter>
    </ClCompile>
    <ClCompile Include="Pipe.cpp">
      <Filter>Game\GameObject\Pipe</Filter>
    </ClCompile>
    <ClCompile Include="Scene4.cpp">
      <Filter>Game\Scene\World-1-4</Filter>
    </ClCompile>
    <ClCompile Include="FireFlower.cpp">
      <Filter>Game\GameObject\Effect\Gift\FireFlower</Filter>
    </ClCompile>
  </ItemGroup>
  <ItemGroup>
    <ResourceCompile Include="SuperMarioBros3.rc">
      <Filter>Files\Resource Files</Filter>
    </ResourceCompile>
  </ItemGroup>
  <ItemGroup>
    <Image Include="small.ico">
      <Filter>Files\Resource Files</Filter>
    </Image>
    <Image Include="SuperMarioBros3.ico">
      <Filter>Files\Resource Files</Filter>
    </Image>
    <Image Include="Super_Mario_Bros_3.ico">
      <Filter>Files\Resource Files</Filter>
    </Image>
    <Image Include="Resources\Textures\enemy_x3.png">
      <Filter>Game\Resouces\Textures</Filter>
    </Image>
    <Image Include="Resources\Textures\fire-ball-white.png">
      <Filter>Game\Resouces\Textures</Filter>
    </Image>
    <Image Include="Resources\Textures\intro_x3.png">
      <Filter>Game\Resouces\Textures</Filter>
    </Image>
    <Image Include="Resources\Textures\mariox3(1).png">
      <Filter>Game\Resouces\Textures</Filter>
    </Image>
    <Image Include="Resources\Textures\misc_x3.png">
      <Filter>Game\Resouces\Textures</Filter>
    </Image>
    <Image Include="Resources\Textures\UI_x3.png">
      <Filter>Game\Resouces\Textures</Filter>
    </Image>
    <Image Include="Resources\Textures\bbox.png">
      <Filter>Game\Resouces\Textures</Filter>
    </Image>
    <Image Include="Resources\Textures\effect_blue_x3.png">
      <Filter>Game\Resouces\Textures</Filter>
    </Image>
    <Image Include="Resources\Textures\MapSelection(x3).png">
      <Filter>Game\Resouces\Textures</Filter>
    </Image>
  </ItemGroup>
  <ItemGroup>
    <Xml Include="Resources\Animations\EnemyAnim.xml">
      <Filter>Game\Resouces\Animations</Filter>
    </Xml>
    <Xml Include="Resources\Animations\MarioAnim.xml">
      <Filter>Game\Resouces\Animations</Filter>
    </Xml>
    <Xml Include="Resources\Animations\MiscAnim.xml">
      <Filter>Game\Resouces\Animations</Filter>
    </Xml>
    <Xml Include="Resources\Animations\UiAnim.xml">
      <Filter>Game\Resouces\Animations</Filter>
    </Xml>
    <Xml Include="Resources\Scenes\World1-1.xml">
      <Filter>Game\Resouces\Scenes</Filter>
    </Xml>
    <Xml Include="Resources\Sprites\EnemyDB.xml">
      <Filter>Game\Resouces\Sprites</Filter>
    </Xml>
    <Xml Include="Resources\Sprites\MarioDB.xml">
      <Filter>Game\Resouces\Sprites</Filter>
    </Xml>
    <Xml Include="Resources\Sprites\MiscDB.xml">
      <Filter>Game\Resouces\Sprites</Filter>
    </Xml>
    <Xml Include="Resources\Sprites\UiDB.xml">
      <Filter>Game\Resouces\Sprites</Filter>
    </Xml>
    <Xml Include="Resources\config.xml">
      <Filter>Game\Resouces</Filter>
    </Xml>
    <Xml Include="Resources\root.xml">
      <Filter>Game\Resouces</Filter>
    </Xml>
    <Xml Include="Resources\Scenes\UICamera.xml">
      <Filter>Game\Resouces\Scenes</Filter>
    </Xml>
    <Xml Include="Resources\Scenes\World1.xml">
      <Filter>Game\Resouces\Scenes</Filter>
    </Xml>
    <Xml Include="Resources\Sprites\MapSelectionDB.xml">
      <Filter>Game\Resouces\Sprites</Filter>
    </Xml>
    <Xml Include="Resources\Animations\MapSelectionAnim.xml">
      <Filter>Game\Resouces\Animations</Filter>
    </Xml>
    <Xml Include="Resources\Scenes\World1-4.xml">
      <Filter>Game\Resouces\Scenes</Filter>
    </Xml>
  </ItemGroup>
  <ItemGroup>
    <None Include="Resources\Maps\world-1-1-map.tmx">
      <Filter>Game\Resouces\Maps</Filter>
    </None>
    <None Include="Resources\Maps\world-map-1.tmx">
      <Filter>Game\Resouces\Maps</Filter>
    </None>
  </ItemGroup>
</Project>