<?xml version="1.0" encoding="utf-8"?>
<Project ToolsVersion="4.0" xmlns="http://schemas.microsoft.com/developer/msbuild/2003">
  <ItemGroup>
    <Filter Include="Framework">
      <UniqueIdentifier>{cbbc2dd1-e581-4fcb-bbfa-029dfa7e2a7f}</UniqueIdentifier>
    </Filter>
    <Filter Include="Files">
      <UniqueIdentifier>{1dd3a65c-69ec-4b56-b134-367650a87482}</UniqueIdentifier>
    </Filter>
    <Filter Include="Files\Source Files">
      <UniqueIdentifier>{4FC737F1-C7A5-4376-A066-2A32D752A2FF}</UniqueIdentifier>
      <Extensions>cpp;c;cc;cxx;c++;cppm;ixx;def;odl;idl;hpj;bat;asm;asmx</Extensions>
    </Filter>
    <Filter Include="Files\Resource Files">
      <UniqueIdentifier>{67DA6AB6-F800-4c08-8B7A-83BB121AAD01}</UniqueIdentifier>
      <Extensions>rc;ico;cur;bmp;dlg;rc2;rct;bin;rgs;gif;jpg;jpeg;jpe;resx;tiff;tif;png;wav;mfcribbon-ms</Extensions>
    </Filter>
    <Filter Include="Files\Header Files">
      <UniqueIdentifier>{93995380-89BD-4b04-88EB-625FBE52EBFB}</UniqueIdentifier>
      <Extensions>h;hh;hpp;hxx;h++;hm;inl;inc;ipp;xsd</Extensions>
    </Filter>
    <Filter Include="Framework\Game">
      <UniqueIdentifier>{2a2f1a66-68cd-49de-ad18-0a978ab00f87}</UniqueIdentifier>
    </Filter>
    <Filter Include="Framework\Game\Scene">
      <UniqueIdentifier>{617195c5-aa3e-4a9f-9a48-0d9efc1a7761}</UniqueIdentifier>
    </Filter>
    <Filter Include="Framework\Game\GameObject">
      <UniqueIdentifier>{9ce244ff-2527-4c9c-859f-81b6f0ec5865}</UniqueIdentifier>
    </Filter>
    <Filter Include="Framework\Ultis">
      <UniqueIdentifier>{5c4e554e-5d4a-49b9-ae1c-89fff7d3cf46}</UniqueIdentifier>
    </Filter>
    <Filter Include="Game">
      <UniqueIdentifier>{626868f1-e58e-4bfc-8e46-69c6c2097b04}</UniqueIdentifier>
    </Filter>
    <Filter Include="Game\Scene">
      <UniqueIdentifier>{841e5247-be26-4331-8ae1-794c4f53a16e}</UniqueIdentifier>
    </Filter>
    <Filter Include="Game\GameObject">
      <UniqueIdentifier>{82d3a656-fb2a-45a8-bcc8-721c25aee955}</UniqueIdentifier>
    </Filter>
    <Filter Include="Game\GameObject\Mario">
      <UniqueIdentifier>{30d25829-9b1d-44c7-a117-42fe839a60a9}</UniqueIdentifier>
    </Filter>
    <Filter Include="Game\Scene\World-1-1">
      <UniqueIdentifier>{918625f1-7f84-4a45-baff-3593d6119e65}</UniqueIdentifier>
    </Filter>
    <Filter Include="Framework\Ultis\TinyXML">
      <UniqueIdentifier>{e2574ecd-2ede-4833-a1a9-2ec79b8ee270}</UniqueIdentifier>
    </Filter>
    <Filter Include="Framework\Ultis\MapReader">
      <UniqueIdentifier>{ecfa5199-a4ae-4bf0-beaa-9baaf1d7f43f}</UniqueIdentifier>
    </Filter>
    <Filter Include="Framework\Game\Keyboard">
      <UniqueIdentifier>{902ad6ee-294e-440d-aed1-769e27328a89}</UniqueIdentifier>
    </Filter>
    <Filter Include="Framework\Game\Keyboard\KeyEventHandler">
      <UniqueIdentifier>{deb27a5d-6497-434a-ae65-716646434d84}</UniqueIdentifier>
    </Filter>
    <Filter Include="Framework\Game\Scene\Map">
      <UniqueIdentifier>{b2813993-c029-4101-988d-5109473f905b}</UniqueIdentifier>
    </Filter>
    <Filter Include="Framework\Game\Scene\Camera">
      <UniqueIdentifier>{50acab06-5761-4285-b2f8-e9704f980e18}</UniqueIdentifier>
    </Filter>
    <Filter Include="Framework\Game\Collision">
      <UniqueIdentifier>{4b538b71-ec2c-4c4c-91b5-16901a313e5c}</UniqueIdentifier>
    </Filter>
    <Filter Include="Game\GameObject\CollisionBox">
      <UniqueIdentifier>{c55b5a15-d0ea-49b8-8a98-80bd952db53e}</UniqueIdentifier>
    </Filter>
    <Filter Include="Framework\Game\Graphic">
      <UniqueIdentifier>{ecdd5d90-07b2-4290-9725-e94dd3c30f8d}</UniqueIdentifier>
    </Filter>
    <Filter Include="Framework\Game\Graphic\Animation">
      <UniqueIdentifier>{053545b2-8efe-4987-972c-d24f9c593d8a}</UniqueIdentifier>
    </Filter>
    <Filter Include="Framework\Game\Graphic\Sprite">
      <UniqueIdentifier>{63ca36de-8fbe-4ece-abc7-b9c2930ca084}</UniqueIdentifier>
    </Filter>
    <Filter Include="Framework\Game\Graphic\Texture">
      <UniqueIdentifier>{33fd8397-e3a2-48b9-bdc8-f7bd39d3a9aa}</UniqueIdentifier>
    </Filter>
    <Filter Include="Game\GameObject\Mario\MarioStates">
      <UniqueIdentifier>{07d4ad0e-9d3f-4e31-b6f8-755314ffe08d}</UniqueIdentifier>
    </Filter>
    <Filter Include="Framework\Game\Scene\Map\TileMap">
      <UniqueIdentifier>{d9af06e8-a2c4-4db4-a48f-efc3c2b0e1ff}</UniqueIdentifier>
    </Filter>
    <Filter Include="Framework\Game\StateMachine">
      <UniqueIdentifier>{4d1ab083-fdb4-4c9a-9d9e-9f055f6780cd}</UniqueIdentifier>
    </Filter>
    <Filter Include="Game\GameObject\Mario\MarioController">
      <UniqueIdentifier>{13e89d4f-d62c-416d-8af0-72e94bc1f130}</UniqueIdentifier>
    </Filter>
    <Filter Include="Game\GameObject\Mario\Const">
      <UniqueIdentifier>{fcd058dc-f7bb-402f-bf69-d3d61167bbd7}</UniqueIdentifier>
    </Filter>
    <Filter Include="Game\GameObject\Mario\BaseMario">
      <UniqueIdentifier>{a542e354-c503-42ec-be57-fd1092fa58cd}</UniqueIdentifier>
    </Filter>
    <Filter Include="Game\GameObject\Misc">
      <UniqueIdentifier>{2ce07ac5-c857-4db2-a313-02a53da1de70}</UniqueIdentifier>
    </Filter>
    <Filter Include="Game\GameObject\Enemy">
      <UniqueIdentifier>{528f2e80-6fbd-4fef-9f0b-30a9ac13c097}</UniqueIdentifier>
    </Filter>
  </ItemGroup>
  <ItemGroup>
    <ClInclude Include="framework.h">
      <Filter>Files\Header Files</Filter>
    </ClInclude>
    <ClInclude Include="targetver.h">
      <Filter>Files\Header Files</Filter>
    </ClInclude>
    <ClInclude Include="Resource.h">
      <Filter>Files\Header Files</Filter>
    </ClInclude>
    <ClInclude Include="Game.h">
      <Filter>Framework\Game</Filter>
    </ClInclude>
    <ClInclude Include="GameConst.h">
      <Filter>Framework\Game</Filter>
    </ClInclude>
    <ClInclude Include="SceneManager.h">
      <Filter>Framework\Game\Scene</Filter>
    </ClInclude>
    <ClInclude Include="Scene.h">
      <Filter>Framework\Game\Scene</Filter>
    </ClInclude>
    <ClInclude Include="GameObject.h">
      <Filter>Framework\Game\GameObject</Filter>
    </ClInclude>
    <ClInclude Include="Animation.h">
      <Filter>Framework\Game\Graphic\Animation</Filter>
    </ClInclude>
    <ClInclude Include="AnimationFrame.h">
      <Filter>Framework\Game\Graphic\Animation</Filter>
    </ClInclude>
    <ClInclude Include="AnimationManager.h">
      <Filter>Framework\Game\Graphic\Animation</Filter>
    </ClInclude>
    <ClInclude Include="TextureManager.h">
      <Filter>Framework\Game\Graphic\Texture</Filter>
    </ClInclude>
    <ClInclude Include="Sprite.h">
      <Filter>Framework\Game\Graphic\Sprite</Filter>
    </ClInclude>
    <ClInclude Include="SpriteManager.h">
      <Filter>Framework\Game\Graphic\Sprite</Filter>
    </ClInclude>
    <ClInclude Include="Ultis.h">
      <Filter>Framework\Ultis</Filter>
    </ClInclude>
    <ClInclude Include="GraphicConst.h">
      <Filter>Framework\Game\Graphic</Filter>
    </ClInclude>
    <ClInclude Include="Scene1.h">
      <Filter>Game\Scene\World-1-1</Filter>
    </ClInclude>
    <ClInclude Include="tinystr.h">
      <Filter>Framework\Ultis\TinyXML</Filter>
    </ClInclude>
    <ClInclude Include="tinyxml.h">
      <Filter>Framework\Ultis\TinyXML</Filter>
    </ClInclude>
    <ClInclude Include="Transform.h">
      <Filter>Framework\Ultis</Filter>
    </ClInclude>
    <ClInclude Include="MapReader\base64.h">
      <Filter>Framework\Ultis\MapReader</Filter>
    </ClInclude>
    <ClInclude Include="MapReader\tinyxml2.h">
      <Filter>Framework\Ultis\MapReader</Filter>
    </ClInclude>
    <ClInclude Include="MapReader\TmxEllipse.h">
      <Filter>Framework\Ultis\MapReader</Filter>
    </ClInclude>
    <ClInclude Include="MapReader\TmxImage.h">
      <Filter>Framework\Ultis\MapReader</Filter>
    </ClInclude>
    <ClInclude Include="MapReader\TmxImageLayer.h">
      <Filter>Framework\Ultis\MapReader</Filter>
    </ClInclude>
    <ClInclude Include="MapReader\TmxLayer.h">
      <Filter>Framework\Ultis\MapReader</Filter>
    </ClInclude>
    <ClInclude Include="MapReader\TmxMap.h">
      <Filter>Framework\Ultis\MapReader</Filter>
    </ClInclude>
    <ClInclude Include="MapReader\TmxMapTile.h">
      <Filter>Framework\Ultis\MapReader</Filter>
    </ClInclude>
    <ClInclude Include="MapReader\TmxObject.h">
      <Filter>Framework\Ultis\MapReader</Filter>
    </ClInclude>
    <ClInclude Include="MapReader\TmxObjectGroup.h">
      <Filter>Framework\Ultis\MapReader</Filter>
    </ClInclude>
    <ClInclude Include="MapReader\TmxPoint.h">
      <Filter>Framework\Ultis\MapReader</Filter>
    </ClInclude>
    <ClInclude Include="MapReader\TmxPolygon.h">
      <Filter>Framework\Ultis\MapReader</Filter>
    </ClInclude>
    <ClInclude Include="MapReader\TmxPolyline.h">
      <Filter>Framework\Ultis\MapReader</Filter>
    </ClInclude>
    <ClInclude Include="MapReader\TmxPropertySet.h">
      <Filter>Framework\Ultis\MapReader</Filter>
    </ClInclude>
    <ClInclude Include="MapReader\TmxTerrain.h">
      <Filter>Framework\Ultis\MapReader</Filter>
    </ClInclude>
    <ClInclude Include="MapReader\TmxTerrainArray.h">
      <Filter>Framework\Ultis\MapReader</Filter>
    </ClInclude>
    <ClInclude Include="MapReader\TmxTile.h">
      <Filter>Framework\Ultis\MapReader</Filter>
    </ClInclude>
    <ClInclude Include="MapReader\TmxTileLayer.h">
      <Filter>Framework\Ultis\MapReader</Filter>
    </ClInclude>
    <ClInclude Include="MapReader\TmxTileOffset.h">
      <Filter>Framework\Ultis\MapReader</Filter>
    </ClInclude>
    <ClInclude Include="MapReader\TmxTileset.h">
      <Filter>Framework\Ultis\MapReader</Filter>
    </ClInclude>
    <ClInclude Include="MapReader\TmxUtil.h">
      <Filter>Framework\Ultis\MapReader</Filter>
    </ClInclude>
    <ClInclude Include="MapReader\zconf.h">
      <Filter>Framework\Ultis\MapReader</Filter>
    </ClInclude>
    <ClInclude Include="MapReader\zlib.h">
      <Filter>Framework\Ultis\MapReader</Filter>
    </ClInclude>
    <ClInclude Include="MapReader\zlib128-dll\include\zconf.h">
      <Filter>Framework\Ultis\MapReader</Filter>
    </ClInclude>
    <ClInclude Include="MapReader\zlib128-dll\include\zlib.h">
      <Filter>Framework\Ultis\MapReader</Filter>
    </ClInclude>
    <ClInclude Include="Map.h">
      <Filter>Framework\Game\Scene\Map</Filter>
    </ClInclude>
    <ClInclude Include="Camera.h">
      <Filter>Framework\Game\Scene\Camera</Filter>
    </ClInclude>
    <ClInclude Include="MapConst.h">
      <Filter>Framework\Game\Scene\Map</Filter>
    </ClInclude>
    <ClInclude Include="KeyboardManager.h">
      <Filter>Framework\Game\Keyboard</Filter>
    </ClInclude>
    <ClInclude Include="GameKeyEventHandler.h">
      <Filter>Framework\Game\Keyboard\KeyEventHandler</Filter>
    </ClInclude>
    <ClInclude Include="KeyEventHandler.h">
      <Filter>Framework\Game\Keyboard\KeyEventHandler</Filter>
    </ClInclude>
    <ClInclude Include="CollisionBox.h">
      <Filter>Framework\Game\Collision</Filter>
    </ClInclude>
    <ClInclude Include="PhysicsBody.h">
      <Filter>Framework\Game\Collision</Filter>
    </ClInclude>
    <ClInclude Include="RectF.h">
      <Filter>Framework\Ultis</Filter>
    </ClInclude>
    <ClInclude Include="SolidBox.h">
      <Filter>Game\GameObject\CollisionBox</Filter>
    </ClInclude>
    <ClInclude Include="Const.h">
      <Filter>Game</Filter>
    </ClInclude>
    <ClInclude Include="GameObjectTags.h">
      <Filter>Framework\Game\GameObject</Filter>
    </ClInclude>
    <ClInclude Include="TileMap.h">
      <Filter>Framework\Game\Scene\Map\TileMap</Filter>
    </ClInclude>
    <ClInclude Include="TileSet.h">
      <Filter>Framework\Game\Scene\Map\TileMap</Filter>
    </ClInclude>
    <ClInclude Include="Layer.h">
      <Filter>Framework\Game\Scene\Map\TileMap</Filter>
    </ClInclude>
    <ClInclude Include="GhostPlatform.h">
      <Filter>Game\GameObject\CollisionBox</Filter>
    </ClInclude>
    <ClInclude Include="Effector.h">
      <Filter>Framework\Game\Collision</Filter>
    </ClInclude>
    <ClInclude Include="StateMachine.h">
      <Filter>Framework\Game\StateMachine</Filter>
    </ClInclude>
    <ClInclude Include="MarioStateSet.h">
      <Filter>Game\GameObject\Mario</Filter>
    </ClInclude>
    <ClInclude Include="FireMario.h">
      <Filter>Game\GameObject\Mario\MarioStates</Filter>
    </ClInclude>
    <ClInclude Include="RacoonMario.h">
      <Filter>Game\GameObject\Mario\MarioStates</Filter>
    </ClInclude>
    <ClInclude Include="SmallMario.h">
      <Filter>Game\GameObject\Mario\MarioStates</Filter>
    </ClInclude>
    <ClInclude Include="Mario.h">
      <Filter>Game\GameObject\Mario\BaseMario</Filter>
    </ClInclude>
    <ClInclude Include="IState.h">
      <Filter>Framework\Game\StateMachine</Filter>
    </ClInclude>
    <ClInclude Include="MarioController.h">
      <Filter>Game\GameObject\Mario\MarioController</Filter>
    </ClInclude>
    <ClInclude Include="MarioConst.h">
      <Filter>Game\GameObject\Mario\Const</Filter>
    </ClInclude>
    <ClInclude Include="MarioControllerConst.h">
      <Filter>Game\GameObject\Mario\Const</Filter>
    </ClInclude>
    <ClInclude Include="SuperMario.h">
      <Filter>Game\GameObject\Mario\MarioStates</Filter>
    </ClInclude>
    <ClInclude Include="Misc.h">
      <Filter>Game\GameObject\Misc</Filter>
    </ClInclude>
    <ClInclude Include="FireBall.h">
      <Filter>Game\GameObject\Misc</Filter>
    </ClInclude>
    <ClInclude Include="MiscConst.h">
      <Filter>Game\GameObject\Misc</Filter>
    </ClInclude>
    <ClInclude Include="Koopa.h">
      <Filter>Game\GameObject\Enemy</Filter>
    </ClInclude>
    <ClInclude Include="Enemy.h">
      <Filter>Game\GameObject\Enemy</Filter>
    </ClInclude>
    <ClInclude Include="EnemyConst.h">
      <Filter>Game\GameObject\Enemy</Filter>
    </ClInclude>
  </ItemGroup>
  <ItemGroup>
    <ClCompile Include="Game.cpp">
      <Filter>Framework\Game</Filter>
    </ClCompile>
    <ClCompile Include="SceneManager.cpp">
      <Filter>Framework\Game\Scene</Filter>
    </ClCompile>
    <ClCompile Include="Scene.cpp">
      <Filter>Framework\Game\Scene</Filter>
    </ClCompile>
    <ClCompile Include="GameObject.cpp">
      <Filter>Framework\Game\GameObject</Filter>
    </ClCompile>
    <ClCompile Include="Animation.cpp">
      <Filter>Framework\Game\Graphic\Animation</Filter>
    </ClCompile>
    <ClCompile Include="AnimationFrame.cpp">
      <Filter>Framework\Game\Graphic\Animation</Filter>
    </ClCompile>
    <ClCompile Include="AnimationManager.cpp">
      <Filter>Framework\Game\Graphic\Animation</Filter>
    </ClCompile>
    <ClCompile Include="TextureManager.cpp">
      <Filter>Framework\Game\Graphic\Texture</Filter>
    </ClCompile>
    <ClCompile Include="Sprite.cpp">
      <Filter>Framework\Game\Graphic\Sprite</Filter>
    </ClCompile>
    <ClCompile Include="SpriteManager.cpp">
      <Filter>Framework\Game\Graphic\Sprite</Filter>
    </ClCompile>
    <ClCompile Include="Ultis.cpp">
      <Filter>Framework\Ultis</Filter>
    </ClCompile>
    <ClCompile Include="Scene1.cpp">
      <Filter>Game\Scene\World-1-1</Filter>
    </ClCompile>
    <ClCompile Include="main.cpp">
      <Filter>Game</Filter>
    </ClCompile>
    <ClCompile Include="tinystr.cpp">
      <Filter>Framework\Ultis\TinyXML</Filter>
    </ClCompile>
    <ClCompile Include="tinyxml.cpp">
      <Filter>Framework\Ultis\TinyXML</Filter>
    </ClCompile>
    <ClCompile Include="tinyxmlerror.cpp">
      <Filter>Framework\Ultis\TinyXML</Filter>
    </ClCompile>
    <ClCompile Include="tinyxmlparser.cpp">
      <Filter>Framework\Ultis\TinyXML</Filter>
    </ClCompile>
    <ClCompile Include="MapReader\base64.cpp">
      <Filter>Framework\Ultis\MapReader</Filter>
    </ClCompile>
    <ClCompile Include="MapReader\miniz.c">
      <Filter>Framework\Ultis\MapReader</Filter>
    </ClCompile>
    <ClCompile Include="MapReader\tinyxml2.cpp">
      <Filter>Framework\Ultis\MapReader</Filter>
    </ClCompile>
    <ClCompile Include="MapReader\TmxEllipse.cpp">
      <Filter>Framework\Ultis\MapReader</Filter>
    </ClCompile>
    <ClCompile Include="MapReader\TmxImage.cpp">
      <Filter>Framework\Ultis\MapReader</Filter>
    </ClCompile>
    <ClCompile Include="MapReader\TmxImageLayer.cpp">
      <Filter>Framework\Ultis\MapReader</Filter>
    </ClCompile>
    <ClCompile Include="MapReader\TmxLayer.cpp">
      <Filter>Framework\Ultis\MapReader</Filter>
    </ClCompile>
    <ClCompile Include="MapReader\TmxMap.cpp">
      <Filter>Framework\Ultis\MapReader</Filter>
    </ClCompile>
    <ClCompile Include="MapReader\TmxObject.cpp">
      <Filter>Framework\Ultis\MapReader</Filter>
    </ClCompile>
    <ClCompile Include="MapReader\TmxObjectGroup.cpp">
      <Filter>Framework\Ultis\MapReader</Filter>
    </ClCompile>
    <ClCompile Include="MapReader\TmxPolygon.cpp">
      <Filter>Framework\Ultis\MapReader</Filter>
    </ClCompile>
    <ClCompile Include="MapReader\TmxPolyline.cpp">
      <Filter>Framework\Ultis\MapReader</Filter>
    </ClCompile>
    <ClCompile Include="MapReader\TmxPropertySet.cpp">
      <Filter>Framework\Ultis\MapReader</Filter>
    </ClCompile>
    <ClCompile Include="MapReader\TmxTerrain.cpp">
      <Filter>Framework\Ultis\MapReader</Filter>
    </ClCompile>
    <ClCompile Include="MapReader\TmxTerrainArray.cpp">
      <Filter>Framework\Ultis\MapReader</Filter>
    </ClCompile>
    <ClCompile Include="MapReader\TmxTile.cpp">
      <Filter>Framework\Ultis\MapReader</Filter>
    </ClCompile>
    <ClCompile Include="MapReader\TmxTileLayer.cpp">
      <Filter>Framework\Ultis\MapReader</Filter>
    </ClCompile>
    <ClCompile Include="MapReader\TmxTileOffset.cpp">
      <Filter>Framework\Ultis\MapReader</Filter>
    </ClCompile>
    <ClCompile Include="MapReader\TmxTileset.cpp">
      <Filter>Framework\Ultis\MapReader</Filter>
    </ClCompile>
    <ClCompile Include="MapReader\TmxUtil.cpp">
      <Filter>Framework\Ultis\MapReader</Filter>
    </ClCompile>
    <ClCompile Include="Map.cpp">
      <Filter>Framework\Game\Scene\Map</Filter>
    </ClCompile>
    <ClCompile Include="Camera.cpp">
      <Filter>Framework\Game\Scene\Camera</Filter>
    </ClCompile>
    <ClCompile Include="KeyboardManager.cpp">
      <Filter>Framework\Game\Keyboard</Filter>
    </ClCompile>
    <ClCompile Include="GameKeyEventHandler.cpp">
      <Filter>Framework\Game\Keyboard\KeyEventHandler</Filter>
    </ClCompile>
    <ClCompile Include="KeyEventHandler.cpp">
      <Filter>Framework\Game\Keyboard\KeyEventHandler</Filter>
    </ClCompile>
    <ClCompile Include="PhysicsBody.cpp">
      <Filter>Framework\Game\Collision</Filter>
    </ClCompile>
    <ClCompile Include="CollisionBox.cpp">
      <Filter>Framework\Game\Collision</Filter>
    </ClCompile>
    <ClCompile Include="SolidBox.cpp">
      <Filter>Game\GameObject\CollisionBox</Filter>
    </ClCompile>
    <ClCompile Include="TileMap.cpp">
      <Filter>Framework\Game\Scene\Map\TileMap</Filter>
    </ClCompile>
    <ClCompile Include="TileSet.cpp">
      <Filter>Framework\Game\Scene\Map\TileMap</Filter>
    </ClCompile>
    <ClCompile Include="Layer.cpp">
      <Filter>Framework\Game\Scene\Map\TileMap</Filter>
    </ClCompile>
    <ClCompile Include="GhostPlatform.cpp">
      <Filter>Game\GameObject\CollisionBox</Filter>
    </ClCompile>
    <ClCompile Include="StateMachine.cpp">
      <Filter>Framework\Game\StateMachine</Filter>
    </ClCompile>
    <ClCompile Include="SmallMario.cpp">
      <Filter>Game\GameObject\Mario\MarioStates</Filter>
    </ClCompile>
    <ClCompile Include="FireMario.cpp">
      <Filter>Game\GameObject\Mario\MarioStates</Filter>
    </ClCompile>
    <ClCompile Include="RacoonMario.cpp">
      <Filter>Game\GameObject\Mario\MarioStates</Filter>
    </ClCompile>
    <ClCompile Include="Mario.cpp">
      <Filter>Game\GameObject\Mario\BaseMario</Filter>
    </ClCompile>
    <ClCompile Include="IState.cpp">
      <Filter>Framework\Game\StateMachine</Filter>
    </ClCompile>
    <ClCompile Include="MarioController.cpp">
      <Filter>Game\GameObject\Mario\MarioController</Filter>
    </ClCompile>
    <ClCompile Include="SuperMario.cpp">
      <Filter>Game\GameObject\Mario\MarioStates</Filter>
    </ClCompile>
    <ClCompile Include="Misc.cpp">
      <Filter>Game\GameObject\Misc</Filter>
    </ClCompile>
    <ClCompile Include="FireBall.cpp">
      <Filter>Game\GameObject\Misc</Filter>
    </ClCompile>
    <ClCompile Include="Enemy.cpp">
      <Filter>Game\GameObject\Enemy</Filter>
    </ClCompile>
    <ClCompile Include="Koopa.cpp">
      <Filter>Game\GameObject\Enemy</Filter>
    </ClCompile>
  </ItemGroup>
  <ItemGroup>
    <ResourceCompile Include="SuperMarioBros3.rc">
      <Filter>Files\Resource Files</Filter>
    </ResourceCompile>
  </ItemGroup>
  <ItemGroup>
    <Image Include="small.ico">
      <Filter>Files\Resource Files</Filter>
    </Image>
    <Image Include="SuperMarioBros3.ico">
      <Filter>Files\Resource Files</Filter>
    </Image>
  </ItemGroup>
</Project>